// !$*UTF8*$!
{
	archiveVersion = 1;
	classes = {
	};
	objectVersion = 46;
	objects = {

/* Begin PBXBuildFile section */
		DA2394811ED5EB5900F8D325 /* main.swift in Sources */ = {isa = PBXBuildFile; fileRef = DA2394801ED5EB5900F8D325 /* main.swift */; };
		DA2394881ED5EB8400F8D325 /* PRLoadBalancerApp.swift in Sources */ = {isa = PBXBuildFile; fileRef = DA2394871ED5EB8400F8D325 /* PRLoadBalancerApp.swift */; };
		DA23948A1ED5EC0000F8D325 /* NetworkManager.swift in Sources */ = {isa = PBXBuildFile; fileRef = DA2394891ED5EC0000F8D325 /* NetworkManager.swift */; };
		DA23948F1ED5EF6800F8D325 /* Result.swift in Sources */ = {isa = PBXBuildFile; fileRef = DA23948D1ED5EF6800F8D325 /* Result.swift */; };
		DA2394901ED5EF6800F8D325 /* ResultProtocol.swift in Sources */ = {isa = PBXBuildFile; fileRef = DA23948E1ED5EF6800F8D325 /* ResultProtocol.swift */; };
		DA2394921ED5EFA700F8D325 /* AnyError.swift in Sources */ = {isa = PBXBuildFile; fileRef = DA2394911ED5EFA700F8D325 /* AnyError.swift */; };
		DA5898D91EDE17DD006BFB72 /* PullRequest.swift in Sources */ = {isa = PBXBuildFile; fileRef = DA5898D81EDE17DD006BFB72 /* PullRequest.swift */; };
		DA5898DB1EDE17EF006BFB72 /* Reviewer.swift in Sources */ = {isa = PBXBuildFile; fileRef = DA5898DA1EDE17EF006BFB72 /* Reviewer.swift */; };
		DA5898DE1EDE1810006BFB72 /* Sequence.swift in Sources */ = {isa = PBXBuildFile; fileRef = DA5898DD1EDE1810006BFB72 /* Sequence.swift */; };
		DA589A141EDF1D4A006BFB72 /* QueryManager.swift in Sources */ = {isa = PBXBuildFile; fileRef = DA589A131EDF1D4A006BFB72 /* QueryManager.swift */; };
/* End PBXBuildFile section */

/* Begin PBXCopyFilesBuildPhase section */
		DA23947B1ED5EB5900F8D325 /* CopyFiles */ = {
			isa = PBXCopyFilesBuildPhase;
			buildActionMask = 2147483647;
			dstPath = /usr/share/man/man1/;
			dstSubfolderSpec = 0;
			files = (
			);
			runOnlyForDeploymentPostprocessing = 1;
		};
/* End PBXCopyFilesBuildPhase section */

/* Begin PBXFileReference section */
		DA23947D1ED5EB5900F8D325 /* PRLoadBalancer */ = {isa = PBXFileReference; explicitFileType = "compiled.mach-o.executable"; includeInIndex = 0; path = PRLoadBalancer; sourceTree = BUILT_PRODUCTS_DIR; };
		DA2394801ED5EB5900F8D325 /* main.swift */ = {isa = PBXFileReference; lastKnownFileType = sourcecode.swift; path = main.swift; sourceTree = "<group>"; };
		DA2394871ED5EB8400F8D325 /* PRLoadBalancerApp.swift */ = {isa = PBXFileReference; fileEncoding = 4; lastKnownFileType = sourcecode.swift; path = PRLoadBalancerApp.swift; sourceTree = "<group>"; };
		DA2394891ED5EC0000F8D325 /* NetworkManager.swift */ = {isa = PBXFileReference; fileEncoding = 4; lastKnownFileType = sourcecode.swift; path = NetworkManager.swift; sourceTree = "<group>"; };
		DA23948D1ED5EF6800F8D325 /* Result.swift */ = {isa = PBXFileReference; fileEncoding = 4; lastKnownFileType = sourcecode.swift; name = Result.swift; path = libraries/Result.swift; sourceTree = "<group>"; };
		DA23948E1ED5EF6800F8D325 /* ResultProtocol.swift */ = {isa = PBXFileReference; fileEncoding = 4; lastKnownFileType = sourcecode.swift; name = ResultProtocol.swift; path = libraries/ResultProtocol.swift; sourceTree = "<group>"; };
		DA2394911ED5EFA700F8D325 /* AnyError.swift */ = {isa = PBXFileReference; fileEncoding = 4; lastKnownFileType = sourcecode.swift; name = AnyError.swift; path = libraries/AnyError.swift; sourceTree = "<group>"; };
		DA5898D81EDE17DD006BFB72 /* PullRequest.swift */ = {isa = PBXFileReference; fileEncoding = 4; lastKnownFileType = sourcecode.swift; path = PullRequest.swift; sourceTree = "<group>"; };
		DA5898DA1EDE17EF006BFB72 /* Reviewer.swift */ = {isa = PBXFileReference; fileEncoding = 4; lastKnownFileType = sourcecode.swift; path = Reviewer.swift; sourceTree = "<group>"; };
		DA5898DD1EDE1810006BFB72 /* Sequence.swift */ = {isa = PBXFileReference; fileEncoding = 4; lastKnownFileType = sourcecode.swift; path = Sequence.swift; sourceTree = "<group>"; };
		DA589A131EDF1D4A006BFB72 /* QueryManager.swift */ = {isa = PBXFileReference; fileEncoding = 4; lastKnownFileType = sourcecode.swift; path = QueryManager.swift; sourceTree = "<group>"; };
/* End PBXFileReference section */

/* Begin PBXFrameworksBuildPhase section */
		DA23947A1ED5EB5900F8D325 /* Frameworks */ = {
			isa = PBXFrameworksBuildPhase;
			buildActionMask = 2147483647;
			files = (
			);
			runOnlyForDeploymentPostprocessing = 0;
		};
/* End PBXFrameworksBuildPhase section */

/* Begin PBXGroup section */
		DA2394741ED5EB5900F8D325 = {
			isa = PBXGroup;
			children = (
				DA23947F1ED5EB5900F8D325 /* PRLoadBalancer */,
				DA23947E1ED5EB5900F8D325 /* Products */,
			);
			sourceTree = "<group>";
		};
		DA23947E1ED5EB5900F8D325 /* Products */ = {
			isa = PBXGroup;
			children = (
				DA23947D1ED5EB5900F8D325 /* PRLoadBalancer */,
			);
			name = Products;
			sourceTree = "<group>";
		};
		DA23947F1ED5EB5900F8D325 /* PRLoadBalancer */ = {
			isa = PBXGroup;
			children = (
				DA5898DC1EDE17FC006BFB72 /* Extensions */,
				DA5898D71EDE17C0006BFB72 /* Models */,
				DA23948B1ED5EEF100F8D325 /* Libraries */,
				DA2394801ED5EB5900F8D325 /* main.swift */,
				DA2394871ED5EB8400F8D325 /* PRLoadBalancerApp.swift */,
				DA2394891ED5EC0000F8D325 /* NetworkManager.swift */,
				DA589A131EDF1D4A006BFB72 /* QueryManager.swift */,
			);
			path = PRLoadBalancer;
			sourceTree = "<group>";
		};
		DA23948B1ED5EEF100F8D325 /* Libraries */ = {
			isa = PBXGroup;
			children = (
				DA23948C1ED5EF0100F8D325 /* ResultType */,
			);
			name = Libraries;
			sourceTree = "<group>";
		};
		DA23948C1ED5EF0100F8D325 /* ResultType */ = {
			isa = PBXGroup;
			children = (
				DA2394911ED5EFA700F8D325 /* AnyError.swift */,
				DA23948D1ED5EF6800F8D325 /* Result.swift */,
				DA23948E1ED5EF6800F8D325 /* ResultProtocol.swift */,
			);
			name = ResultType;
			sourceTree = "<group>";
		};
		DA5898D71EDE17C0006BFB72 /* Models */ = {
			isa = PBXGroup;
			children = (
				DA5898D81EDE17DD006BFB72 /* PullRequest.swift */,
				DA5898DA1EDE17EF006BFB72 /* Reviewer.swift */,
			);
			name = Models;
			sourceTree = "<group>";
		};
		DA5898DC1EDE17FC006BFB72 /* Extensions */ = {
			isa = PBXGroup;
			children = (
				DA5898DD1EDE1810006BFB72 /* Sequence.swift */,
			);
			name = Extensions;
			sourceTree = "<group>";
		};
/* End PBXGroup section */

/* Begin PBXNativeTarget section */
		DA23947C1ED5EB5900F8D325 /* PRLoadBalancer */ = {
			isa = PBXNativeTarget;
			buildConfigurationList = DA2394841ED5EB5900F8D325 /* Build configuration list for PBXNativeTarget "PRLoadBalancer" */;
			buildPhases = (
				DA2394791ED5EB5900F8D325 /* Sources */,
				DA23947A1ED5EB5900F8D325 /* Frameworks */,
				DA23947B1ED5EB5900F8D325 /* CopyFiles */,
			);
			buildRules = (
			);
			dependencies = (
			);
			name = PRLoadBalancer;
			productName = PRLoadBalancer;
			productReference = DA23947D1ED5EB5900F8D325 /* PRLoadBalancer */;
			productType = "com.apple.product-type.tool";
		};
/* End PBXNativeTarget section */

/* Begin PBXProject section */
		DA2394751ED5EB5900F8D325 /* Project object */ = {
			isa = PBXProject;
			attributes = {
				LastSwiftUpdateCheck = 0830;
				LastUpgradeCheck = 0830;
				ORGANIZATIONNAME = "Marcin Religa";
				TargetAttributes = {
					DA23947C1ED5EB5900F8D325 = {
						CreatedOnToolsVersion = 8.3.2;
						ProvisioningStyle = Automatic;
					};
				};
			};
			buildConfigurationList = DA2394781ED5EB5900F8D325 /* Build configuration list for PBXProject "PRLoadBalancer" */;
			compatibilityVersion = "Xcode 3.2";
			developmentRegion = English;
			hasScannedForEncodings = 0;
			knownRegions = (
				en,
			);
			mainGroup = DA2394741ED5EB5900F8D325;
			productRefGroup = DA23947E1ED5EB5900F8D325 /* Products */;
			projectDirPath = "";
			projectRoot = "";
			targets = (
				DA23947C1ED5EB5900F8D325 /* PRLoadBalancer */,
			);
		};
/* End PBXProject section */

/* Begin PBXSourcesBuildPhase section */
		DA2394791ED5EB5900F8D325 /* Sources */ = {
			isa = PBXSourcesBuildPhase;
			buildActionMask = 2147483647;
			files = (
				DA2394901ED5EF6800F8D325 /* ResultProtocol.swift in Sources */,
				DA23948A1ED5EC0000F8D325 /* NetworkManager.swift in Sources */,
				DA5898DE1EDE1810006BFB72 /* Sequence.swift in Sources */,
				DA5898DB1EDE17EF006BFB72 /* Reviewer.swift in Sources */,
				DA5898D91EDE17DD006BFB72 /* PullRequest.swift in Sources */,
				DA589A141EDF1D4A006BFB72 /* QueryManager.swift in Sources */,
				DA2394811ED5EB5900F8D325 /* main.swift in Sources */,
				DA2394921ED5EFA700F8D325 /* AnyError.swift in Sources */,
				DA23948F1ED5EF6800F8D325 /* Result.swift in Sources */,
				DA2394881ED5EB8400F8D325 /* PRLoadBalancerApp.swift in Sources */,
			);
			runOnlyForDeploymentPostprocessing = 0;
		};
/* End PBXSourcesBuildPhase section */

/* Begin XCBuildConfiguration section */
		DA2394821ED5EB5900F8D325 /* Debug */ = {
			isa = XCBuildConfiguration;
			buildSettings = {
				ALWAYS_SEARCH_USER_PATHS = NO;
				CLANG_ANALYZER_NONNULL = YES;
				CLANG_ANALYZER_NUMBER_OBJECT_CONVERSION = YES_AGGRESSIVE;
				CLANG_CXX_LANGUAGE_STANDARD = "gnu++0x";
				CLANG_CXX_LIBRARY = "libc++";
				CLANG_ENABLE_MODULES = YES;
				CLANG_ENABLE_OBJC_ARC = YES;
				CLANG_WARN_BOOL_CONVERSION = YES;
				CLANG_WARN_CONSTANT_CONVERSION = YES;
				CLANG_WARN_DIRECT_OBJC_ISA_USAGE = YES_ERROR;
				CLANG_WARN_DOCUMENTATION_COMMENTS = YES;
				CLANG_WARN_EMPTY_BODY = YES;
				CLANG_WARN_ENUM_CONVERSION = YES;
				CLANG_WARN_INFINITE_RECURSION = YES;
				CLANG_WARN_INT_CONVERSION = YES;
				CLANG_WARN_OBJC_ROOT_CLASS = YES_ERROR;
				CLANG_WARN_SUSPICIOUS_MOVE = YES;
				CLANG_WARN_UNREACHABLE_CODE = YES;
				CLANG_WARN__DUPLICATE_METHOD_MATCH = YES;
				CODE_SIGN_IDENTITY = "-";
				COPY_PHASE_STRIP = NO;
				DEBUG_INFORMATION_FORMAT = dwarf;
				ENABLE_STRICT_OBJC_MSGSEND = YES;
				ENABLE_TESTABILITY = YES;
				GCC_C_LANGUAGE_STANDARD = gnu99;
				GCC_DYNAMIC_NO_PIC = NO;
				GCC_NO_COMMON_BLOCKS = YES;
				GCC_OPTIMIZATION_LEVEL = 0;
				GCC_PREPROCESSOR_DEFINITIONS = (
					"DEBUG=1",
					"$(inherited)",
				);
				GCC_WARN_64_TO_32_BIT_CONVERSION = YES;
				GCC_WARN_ABOUT_RETURN_TYPE = YES_ERROR;
				GCC_WARN_UNDECLARED_SELECTOR = YES;
				GCC_WARN_UNINITIALIZED_AUTOS = YES_AGGRESSIVE;
				GCC_WARN_UNUSED_FUNCTION = YES;
				GCC_WARN_UNUSED_VARIABLE = YES;
				MACOSX_DEPLOYMENT_TARGET = 10.12;
				MTL_ENABLE_DEBUG_INFO = YES;
				ONLY_ACTIVE_ARCH = YES;
				SDKROOT = macosx;
				SWIFT_OPTIMIZATION_LEVEL = "-Onone";
			};
			name = Debug;
		};
		DA2394831ED5EB5900F8D325 /* Release */ = {
			isa = XCBuildConfiguration;
			buildSettings = {
				ALWAYS_SEARCH_USER_PATHS = NO;
				CLANG_ANALYZER_NONNULL = YES;
				CLANG_ANALYZER_NUMBER_OBJECT_CONVERSION = YES_AGGRESSIVE;
				CLANG_CXX_LANGUAGE_STANDARD = "gnu++0x";
				CLANG_CXX_LIBRARY = "libc++";
				CLANG_ENABLE_MODULES = YES;
				CLANG_ENABLE_OBJC_ARC = YES;
				CLANG_WARN_BOOL_CONVERSION = YES;
				CLANG_WARN_CONSTANT_CONVERSION = YES;
				CLANG_WARN_DIRECT_OBJC_ISA_USAGE = YES_ERROR;
				CLANG_WARN_DOCUMENTATION_COMMENTS = YES;
				CLANG_WARN_EMPTY_BODY = YES;
				CLANG_WARN_ENUM_CONVERSION = YES;
				CLANG_WARN_INFINITE_RECURSION = YES;
				CLANG_WARN_INT_CONVERSION = YES;
				CLANG_WARN_OBJC_ROOT_CLASS = YES_ERROR;
				CLANG_WARN_SUSPICIOUS_MOVE = YES;
				CLANG_WARN_UNREACHABLE_CODE = YES;
				CLANG_WARN__DUPLICATE_METHOD_MATCH = YES;
				CODE_SIGN_IDENTITY = "-";
				COPY_PHASE_STRIP = NO;
				DEBUG_INFORMATION_FORMAT = "dwarf-with-dsym";
				ENABLE_NS_ASSERTIONS = NO;
				ENABLE_STRICT_OBJC_MSGSEND = YES;
				GCC_C_LANGUAGE_STANDARD = gnu99;
				GCC_NO_COMMON_BLOCKS = YES;
				GCC_WARN_64_TO_32_BIT_CONVERSION = YES;
				GCC_WARN_ABOUT_RETURN_TYPE = YES_ERROR;
				GCC_WARN_UNDECLARED_SELECTOR = YES;
				GCC_WARN_UNINITIALIZED_AUTOS = YES_AGGRESSIVE;
				GCC_WARN_UNUSED_FUNCTION = YES;
				GCC_WARN_UNUSED_VARIABLE = YES;
				MACOSX_DEPLOYMENT_TARGET = 10.12;
				MTL_ENABLE_DEBUG_INFO = NO;
				SDKROOT = macosx;
			};
			name = Release;
		};
		DA2394851ED5EB5900F8D325 /* Debug */ = {
			isa = XCBuildConfiguration;
			buildSettings = {
				PRODUCT_NAME = "$(TARGET_NAME)";
				SWIFT_VERSION = 3.0;
			};
			name = Debug;
		};
		DA2394861ED5EB5900F8D325 /* Release */ = {
			isa = XCBuildConfiguration;
			buildSettings = {
				PRODUCT_NAME = "$(TARGET_NAME)";
				SWIFT_VERSION = 3.0;
			};
			name = Release;
		};
/* End XCBuildConfiguration section */

/* Begin XCConfigurationList section */
		DA2394781ED5EB5900F8D325 /* Build configuration list for PBXProject "PRLoadBalancer" */ = {
			isa = XCConfigurationList;
			buildConfigurations = (
				DA2394821ED5EB5900F8D325 /* Debug */,
				DA2394831ED5EB5900F8D325 /* Release */,
			);
			defaultConfigurationIsVisible = 0;
			defaultConfigurationName = Release;
		};
		DA2394841ED5EB5900F8D325 /* Build configuration list for PBXNativeTarget "PRLoadBalancer" */ = {
			isa = XCConfigurationList;
			buildConfigurations = (
				DA2394851ED5EB5900F8D325 /* Debug */,
				DA2394861ED5EB5900F8D325 /* Release */,
			);
			defaultConfigurationIsVisible = 0;
			defaultConfigurationName = Release;
		};
/* End XCConfigurationList section */
	};
	rootObject = DA2394751ED5EB5900F8D325 /* Project object */;
}
