// !$*UTF8*$!
{
	archiveVersion = 1;
	classes = {
	};
	objectVersion = 46;
	objects = {

/* Begin PBXBuildFile section */
		DA2394811ED5EB5900F8D325 /* main.swift in Sources */ = {isa = PBXBuildFile; fileRef = DA2394801ED5EB5900F8D325 /* main.swift */; };
		DA2394881ED5EB8400F8D325 /* PRLoadBalancerApp.swift in Sources */ = {isa = PBXBuildFile; fileRef = DA2394871ED5EB8400F8D325 /* PRLoadBalancerApp.swift */; };
		DA23948A1ED5EC0000F8D325 /* NetworkManager.swift in Sources */ = {isa = PBXBuildFile; fileRef = DA2394891ED5EC0000F8D325 /* NetworkManager.swift */; };
		DA23948F1ED5EF6800F8D325 /* Result.swift in Sources */ = {isa = PBXBuildFile; fileRef = DA23948D1ED5EF6800F8D325 /* Result.swift */; };
		DA2394901ED5EF6800F8D325 /* ResultProtocol.swift in Sources */ = {isa = PBXBuildFile; fileRef = DA23948E1ED5EF6800F8D325 /* ResultProtocol.swift */; };
		DA2394921ED5EFA700F8D325 /* AnyError.swift in Sources */ = {isa = PBXBuildFile; fileRef = DA2394911ED5EFA700F8D325 /* AnyError.swift */; };
		DA5898D91EDE17DD006BFB72 /* PullRequest.swift in Sources */ = {isa = PBXBuildFile; fileRef = DA5898D81EDE17DD006BFB72 /* PullRequest.swift */; };
		DA5898DB1EDE17EF006BFB72 /* Reviewer.swift in Sources */ = {isa = PBXBuildFile; fileRef = DA5898DA1EDE17EF006BFB72 /* Reviewer.swift */; };
		DA5898DE1EDE1810006BFB72 /* Sequence.swift in Sources */ = {isa = PBXBuildFile; fileRef = DA5898DD1EDE1810006BFB72 /* Sequence.swift */; };
		DA589A141EDF1D4A006BFB72 /* QueryManager.swift in Sources */ = {isa = PBXBuildFile; fileRef = DA589A131EDF1D4A006BFB72 /* QueryManager.swift */; };
		DA589A161EDF2550006BFB72 /* MainViewModel.swift in Sources */ = {isa = PBXBuildFile; fileRef = DA589A151EDF2550006BFB72 /* MainViewModel.swift */; };
		DA589A181EDF2583006BFB72 /* Configuration.swift in Sources */ = {isa = PBXBuildFile; fileRef = DA589A171EDF2583006BFB72 /* Configuration.swift */; };
		DA589A661EDF5647006BFB72 /* AppDelegate.swift in Sources */ = {isa = PBXBuildFile; fileRef = DA589A651EDF5647006BFB72 /* AppDelegate.swift */; };
		DA589A6A1EDF5647006BFB72 /* Assets.xcassets in Resources */ = {isa = PBXBuildFile; fileRef = DA589A691EDF5647006BFB72 /* Assets.xcassets */; };
		DA589A781EDF5648006BFB72 /* TeamStatusTests.swift in Sources */ = {isa = PBXBuildFile; fileRef = DA589A771EDF5648006BFB72 /* TeamStatusTests.swift */; };
		DAF5E8991EDF578D00CFAC81 /* MainMenu.xib in Resources */ = {isa = PBXBuildFile; fileRef = DAF5E8981EDF578D00CFAC81 /* MainMenu.xib */; };
/* End PBXBuildFile section */

/* Begin PBXContainerItemProxy section */
		DA589A741EDF5648006BFB72 /* PBXContainerItemProxy */ = {
			isa = PBXContainerItemProxy;
			containerPortal = DA2394751ED5EB5900F8D325 /* Project object */;
			proxyType = 1;
			remoteGlobalIDString = DA589A621EDF5647006BFB72;
			remoteInfo = TeamStatus;
		};
/* End PBXContainerItemProxy section */

/* Begin PBXCopyFilesBuildPhase section */
		DA23947B1ED5EB5900F8D325 /* CopyFiles */ = {
			isa = PBXCopyFilesBuildPhase;
			buildActionMask = 2147483647;
			dstPath = /usr/share/man/man1/;
			dstSubfolderSpec = 0;
			files = (
			);
			runOnlyForDeploymentPostprocessing = 1;
		};
/* End PBXCopyFilesBuildPhase section */

/* Begin PBXFileReference section */
		DA23947D1ED5EB5900F8D325 /* PRLoadBalancer */ = {isa = PBXFileReference; explicitFileType = "compiled.mach-o.executable"; includeInIndex = 0; path = PRLoadBalancer; sourceTree = BUILT_PRODUCTS_DIR; };
		DA2394801ED5EB5900F8D325 /* main.swift */ = {isa = PBXFileReference; lastKnownFileType = sourcecode.swift; path = main.swift; sourceTree = "<group>"; };
		DA2394871ED5EB8400F8D325 /* PRLoadBalancerApp.swift */ = {isa = PBXFileReference; fileEncoding = 4; lastKnownFileType = sourcecode.swift; path = PRLoadBalancerApp.swift; sourceTree = "<group>"; };
		DA2394891ED5EC0000F8D325 /* NetworkManager.swift */ = {isa = PBXFileReference; fileEncoding = 4; lastKnownFileType = sourcecode.swift; path = NetworkManager.swift; sourceTree = "<group>"; };
		DA23948D1ED5EF6800F8D325 /* Result.swift */ = {isa = PBXFileReference; fileEncoding = 4; lastKnownFileType = sourcecode.swift; name = Result.swift; path = libraries/Result.swift; sourceTree = "<group>"; };
		DA23948E1ED5EF6800F8D325 /* ResultProtocol.swift */ = {isa = PBXFileReference; fileEncoding = 4; lastKnownFileType = sourcecode.swift; name = ResultProtocol.swift; path = libraries/ResultProtocol.swift; sourceTree = "<group>"; };
		DA2394911ED5EFA700F8D325 /* AnyError.swift */ = {isa = PBXFileReference; fileEncoding = 4; lastKnownFileType = sourcecode.swift; name = AnyError.swift; path = libraries/AnyError.swift; sourceTree = "<group>"; };
		DA5898D81EDE17DD006BFB72 /* PullRequest.swift */ = {isa = PBXFileReference; fileEncoding = 4; lastKnownFileType = sourcecode.swift; path = PullRequest.swift; sourceTree = "<group>"; };
		DA5898DA1EDE17EF006BFB72 /* Reviewer.swift */ = {isa = PBXFileReference; fileEncoding = 4; lastKnownFileType = sourcecode.swift; path = Reviewer.swift; sourceTree = "<group>"; };
		DA5898DD1EDE1810006BFB72 /* Sequence.swift */ = {isa = PBXFileReference; fileEncoding = 4; lastKnownFileType = sourcecode.swift; path = Sequence.swift; sourceTree = "<group>"; };
		DA589A131EDF1D4A006BFB72 /* QueryManager.swift */ = {isa = PBXFileReference; fileEncoding = 4; lastKnownFileType = sourcecode.swift; path = QueryManager.swift; sourceTree = "<group>"; };
		DA589A151EDF2550006BFB72 /* MainViewModel.swift */ = {isa = PBXFileReference; fileEncoding = 4; lastKnownFileType = sourcecode.swift; path = MainViewModel.swift; sourceTree = "<group>"; };
		DA589A171EDF2583006BFB72 /* Configuration.swift */ = {isa = PBXFileReference; fileEncoding = 4; lastKnownFileType = sourcecode.swift; path = Configuration.swift; sourceTree = "<group>"; };
		DA589A631EDF5647006BFB72 /* TeamStatus.app */ = {isa = PBXFileReference; explicitFileType = wrapper.application; includeInIndex = 0; path = TeamStatus.app; sourceTree = BUILT_PRODUCTS_DIR; };
		DA589A651EDF5647006BFB72 /* AppDelegate.swift */ = {isa = PBXFileReference; lastKnownFileType = sourcecode.swift; path = AppDelegate.swift; sourceTree = "<group>"; };
		DA589A691EDF5647006BFB72 /* Assets.xcassets */ = {isa = PBXFileReference; lastKnownFileType = folder.assetcatalog; path = Assets.xcassets; sourceTree = "<group>"; };
		DA589A6E1EDF5647006BFB72 /* Info.plist */ = {isa = PBXFileReference; lastKnownFileType = text.plist.xml; path = Info.plist; sourceTree = "<group>"; };
		DA589A731EDF5648006BFB72 /* TeamStatusTests.xctest */ = {isa = PBXFileReference; explicitFileType = wrapper.cfbundle; includeInIndex = 0; path = TeamStatusTests.xctest; sourceTree = BUILT_PRODUCTS_DIR; };
		DA589A771EDF5648006BFB72 /* TeamStatusTests.swift */ = {isa = PBXFileReference; lastKnownFileType = sourcecode.swift; path = TeamStatusTests.swift; sourceTree = "<group>"; };
		DA589A791EDF5648006BFB72 /* Info.plist */ = {isa = PBXFileReference; lastKnownFileType = text.plist.xml; path = Info.plist; sourceTree = "<group>"; };
		DAF5E8981EDF578D00CFAC81 /* MainMenu.xib */ = {isa = PBXFileReference; fileEncoding = 4; lastKnownFileType = file.xib; name = MainMenu.xib; path = ../MainMenu.xib; sourceTree = "<group>"; };
/* End PBXFileReference section */

/* Begin PBXFrameworksBuildPhase section */
		DA23947A1ED5EB5900F8D325 /* Frameworks */ = {
			isa = PBXFrameworksBuildPhase;
			buildActionMask = 2147483647;
			files = (
			);
			runOnlyForDeploymentPostprocessing = 0;
		};
		DA589A601EDF5647006BFB72 /* Frameworks */ = {
			isa = PBXFrameworksBuildPhase;
			buildActionMask = 2147483647;
			files = (
			);
			runOnlyForDeploymentPostprocessing = 0;
		};
		DA589A701EDF5648006BFB72 /* Frameworks */ = {
			isa = PBXFrameworksBuildPhase;
			buildActionMask = 2147483647;
			files = (
			);
			runOnlyForDeploymentPostprocessing = 0;
		};
/* End PBXFrameworksBuildPhase section */

/* Begin PBXGroup section */
		DA2394741ED5EB5900F8D325 = {
			isa = PBXGroup;
			children = (
				DA23947F1ED5EB5900F8D325 /* PRLoadBalancer */,
				DA589A641EDF5647006BFB72 /* TeamStatus */,
				DA589A761EDF5648006BFB72 /* TeamStatusTests */,
				DA23947E1ED5EB5900F8D325 /* Products */,
			);
			sourceTree = "<group>";
		};
		DA23947E1ED5EB5900F8D325 /* Products */ = {
			isa = PBXGroup;
			children = (
				DA23947D1ED5EB5900F8D325 /* PRLoadBalancer */,
				DA589A631EDF5647006BFB72 /* TeamStatus.app */,
				DA589A731EDF5648006BFB72 /* TeamStatusTests.xctest */,
			);
			name = Products;
			sourceTree = "<group>";
		};
		DA23947F1ED5EB5900F8D325 /* PRLoadBalancer */ = {
			isa = PBXGroup;
			children = (
				DA5898DC1EDE17FC006BFB72 /* Extensions */,
				DA5898D71EDE17C0006BFB72 /* Models */,
				DA23948B1ED5EEF100F8D325 /* Libraries */,
				DA2394801ED5EB5900F8D325 /* main.swift */,
				DA2394871ED5EB8400F8D325 /* PRLoadBalancerApp.swift */,
				DA2394891ED5EC0000F8D325 /* NetworkManager.swift */,
				DA589A131EDF1D4A006BFB72 /* QueryManager.swift */,
				DA589A151EDF2550006BFB72 /* MainViewModel.swift */,
				DA589A171EDF2583006BFB72 /* Configuration.swift */,
			);
			path = PRLoadBalancer;
			sourceTree = "<group>";
		};
		DA23948B1ED5EEF100F8D325 /* Libraries */ = {
			isa = PBXGroup;
			children = (
				DA23948C1ED5EF0100F8D325 /* ResultType */,
			);
			name = Libraries;
			sourceTree = "<group>";
		};
		DA23948C1ED5EF0100F8D325 /* ResultType */ = {
			isa = PBXGroup;
			children = (
				DA2394911ED5EFA700F8D325 /* AnyError.swift */,
				DA23948D1ED5EF6800F8D325 /* Result.swift */,
				DA23948E1ED5EF6800F8D325 /* ResultProtocol.swift */,
			);
			name = ResultType;
			sourceTree = "<group>";
		};
		DA5898D71EDE17C0006BFB72 /* Models */ = {
			isa = PBXGroup;
			children = (
				DA5898D81EDE17DD006BFB72 /* PullRequest.swift */,
				DA5898DA1EDE17EF006BFB72 /* Reviewer.swift */,
			);
			name = Models;
			sourceTree = "<group>";
		};
		DA5898DC1EDE17FC006BFB72 /* Extensions */ = {
			isa = PBXGroup;
			children = (
				DA5898DD1EDE1810006BFB72 /* Sequence.swift */,
			);
			name = Extensions;
			sourceTree = "<group>";
		};
		DA589A641EDF5647006BFB72 /* TeamStatus */ = {
			isa = PBXGroup;
			children = (
				DA589A651EDF5647006BFB72 /* AppDelegate.swift */,
				DA589A691EDF5647006BFB72 /* Assets.xcassets */,
				DA589A6E1EDF5647006BFB72 /* Info.plist */,
				DAF5E8981EDF578D00CFAC81 /* MainMenu.xib */,
			);
			path = TeamStatus;
			sourceTree = "<group>";
		};
		DA589A761EDF5648006BFB72 /* TeamStatusTests */ = {
			isa = PBXGroup;
			children = (
				DA589A771EDF5648006BFB72 /* TeamStatusTests.swift */,
				DA589A791EDF5648006BFB72 /* Info.plist */,
			);
			path = TeamStatusTests;
			sourceTree = "<group>";
		};
/* End PBXGroup section */

/* Begin PBXNativeTarget section */
		DA23947C1ED5EB5900F8D325 /* PRLoadBalancer */ = {
			isa = PBXNativeTarget;
			buildConfigurationList = DA2394841ED5EB5900F8D325 /* Build configuration list for PBXNativeTarget "PRLoadBalancer" */;
			buildPhases = (
				DA2394791ED5EB5900F8D325 /* Sources */,
				DA23947A1ED5EB5900F8D325 /* Frameworks */,
				DA23947B1ED5EB5900F8D325 /* CopyFiles */,
			);
			buildRules = (
			);
			dependencies = (
			);
			name = PRLoadBalancer;
			productName = PRLoadBalancer;
			productReference = DA23947D1ED5EB5900F8D325 /* PRLoadBalancer */;
			productType = "com.apple.product-type.tool";
		};
		DA589A621EDF5647006BFB72 /* TeamStatus */ = {
			isa = PBXNativeTarget;
			buildConfigurationList = DA589A7E1EDF5648006BFB72 /* Build configuration list for PBXNativeTarget "TeamStatus" */;
			buildPhases = (
				DA589A5F1EDF5647006BFB72 /* Sources */,
				DA589A601EDF5647006BFB72 /* Frameworks */,
				DA589A611EDF5647006BFB72 /* Resources */,
			);
			buildRules = (
			);
			dependencies = (
			);
			name = TeamStatus;
			productName = TeamStatus;
			productReference = DA589A631EDF5647006BFB72 /* TeamStatus.app */;
			productType = "com.apple.product-type.application";
		};
		DA589A721EDF5648006BFB72 /* TeamStatusTests */ = {
			isa = PBXNativeTarget;
			buildConfigurationList = DA589A7F1EDF5648006BFB72 /* Build configuration list for PBXNativeTarget "TeamStatusTests" */;
			buildPhases = (
				DA589A6F1EDF5648006BFB72 /* Sources */,
				DA589A701EDF5648006BFB72 /* Frameworks */,
				DA589A711EDF5648006BFB72 /* Resources */,
			);
			buildRules = (
			);
			dependencies = (
				DA589A751EDF5648006BFB72 /* PBXTargetDependency */,
			);
			name = TeamStatusTests;
			productName = TeamStatusTests;
			productReference = DA589A731EDF5648006BFB72 /* TeamStatusTests.xctest */;
			productType = "com.apple.product-type.bundle.unit-test";
		};
/* End PBXNativeTarget section */

/* Begin PBXProject section */
		DA2394751ED5EB5900F8D325 /* Project object */ = {
			isa = PBXProject;
			attributes = {
				LastSwiftUpdateCheck = 0830;
				LastUpgradeCheck = 0830;
				ORGANIZATIONNAME = "Marcin Religa";
				TargetAttributes = {
					DA23947C1ED5EB5900F8D325 = {
						CreatedOnToolsVersion = 8.3.2;
						ProvisioningStyle = Automatic;
					};
					DA589A621EDF5647006BFB72 = {
						CreatedOnToolsVersion = 8.3.2;
						ProvisioningStyle = Automatic;
					};
					DA589A721EDF5648006BFB72 = {
						CreatedOnToolsVersion = 8.3.2;
						ProvisioningStyle = Automatic;
						TestTargetID = DA589A621EDF5647006BFB72;
					};
				};
			};
			buildConfigurationList = DA2394781ED5EB5900F8D325 /* Build configuration list for PBXProject "PRLoadBalancer" */;
			compatibilityVersion = "Xcode 3.2";
			developmentRegion = English;
			hasScannedForEncodings = 0;
			knownRegions = (
				en,
				Base,
			);
			mainGroup = DA2394741ED5EB5900F8D325;
			productRefGroup = DA23947E1ED5EB5900F8D325 /* Products */;
			projectDirPath = "";
			projectRoot = "";
			targets = (
				DA23947C1ED5EB5900F8D325 /* PRLoadBalancer */,
				DA589A621EDF5647006BFB72 /* TeamStatus */,
				DA589A721EDF5648006BFB72 /* TeamStatusTests */,
			);
		};
/* End PBXProject section */

/* Begin PBXResourcesBuildPhase section */
		DA589A611EDF5647006BFB72 /* Resources */ = {
			isa = PBXResourcesBuildPhase;
			buildActionMask = 2147483647;
			files = (
				DA589A6A1EDF5647006BFB72 /* Assets.xcassets in Resources */,
				DAF5E8991EDF578D00CFAC81 /* MainMenu.xib in Resources */,
			);
			runOnlyForDeploymentPostprocessing = 0;
		};
		DA589A711EDF5648006BFB72 /* Resources */ = {
			isa = PBXResourcesBuildPhase;
			buildActionMask = 2147483647;
			files = (
			);
			runOnlyForDeploymentPostprocessing = 0;
		};
/* End PBXResourcesBuildPhase section */

/* Begin PBXSourcesBuildPhase section */
		DA2394791ED5EB5900F8D325 /* Sources */ = {
			isa = PBXSourcesBuildPhase;
			buildActionMask = 2147483647;
			files = (
				DA2394901ED5EF6800F8D325 /* ResultProtocol.swift in Sources */,
				DA23948A1ED5EC0000F8D325 /* NetworkManager.swift in Sources */,
				DA5898DE1EDE1810006BFB72 /* Sequence.swift in Sources */,
				DA5898DB1EDE17EF006BFB72 /* Reviewer.swift in Sources */,
				DA5898D91EDE17DD006BFB72 /* PullRequest.swift in Sources */,
				DA589A141EDF1D4A006BFB72 /* QueryManager.swift in Sources */,
				DA589A181EDF2583006BFB72 /* Configuration.swift in Sources */,
				DA2394811ED5EB5900F8D325 /* main.swift in Sources */,
				DA2394921ED5EFA700F8D325 /* AnyError.swift in Sources */,
				DA23948F1ED5EF6800F8D325 /* Result.swift in Sources */,
				DA2394881ED5EB8400F8D325 /* PRLoadBalancerApp.swift in Sources */,
				DA589A161EDF2550006BFB72 /* MainViewModel.swift in Sources */,
			);
			runOnlyForDeploymentPostprocessing = 0;
		};
		DA589A5F1EDF5647006BFB72 /* Sources */ = {
			isa = PBXSourcesBuildPhase;
			buildActionMask = 2147483647;
			files = (
				DA589A661EDF5647006BFB72 /* AppDelegate.swift in Sources */,
			);
			runOnlyForDeploymentPostprocessing = 0;
		};
		DA589A6F1EDF5648006BFB72 /* Sources */ = {
			isa = PBXSourcesBuildPhase;
			buildActionMask = 2147483647;
			files = (
				DA589A781EDF5648006BFB72 /* TeamStatusTests.swift in Sources */,
			);
			runOnlyForDeploymentPostprocessing = 0;
		};
/* End PBXSourcesBuildPhase section */

/* Begin PBXTargetDependency section */
		DA589A751EDF5648006BFB72 /* PBXTargetDependency */ = {
			isa = PBXTargetDependency;
			target = DA589A621EDF5647006BFB72 /* TeamStatus */;
			targetProxy = DA589A741EDF5648006BFB72 /* PBXContainerItemProxy */;
		};
/* End PBXTargetDependency section */

/* Begin XCBuildConfiguration section */
		DA2394821ED5EB5900F8D325 /* Debug */ = {
			isa = XCBuildConfiguration;
			buildSettings = {
				ALWAYS_SEARCH_USER_PATHS = NO;
				CLANG_ANALYZER_NONNULL = YES;
				CLANG_ANALYZER_NUMBER_OBJECT_CONVERSION = YES_AGGRESSIVE;
				CLANG_CXX_LANGUAGE_STANDARD = "gnu++0x";
				CLANG_CXX_LIBRARY = "libc++";
				CLANG_ENABLE_MODULES = YES;
				CLANG_ENABLE_OBJC_ARC = YES;
				CLANG_WARN_BOOL_CONVERSION = YES;
				CLANG_WARN_CONSTANT_CONVERSION = YES;
				CLANG_WARN_DIRECT_OBJC_ISA_USAGE = YES_ERROR;
				CLANG_WARN_DOCUMENTATION_COMMENTS = YES;
				CLANG_WARN_EMPTY_BODY = YES;
				CLANG_WARN_ENUM_CONVERSION = YES;
				CLANG_WARN_INFINITE_RECURSION = YES;
				CLANG_WARN_INT_CONVERSION = YES;
				CLANG_WARN_OBJC_ROOT_CLASS = YES_ERROR;
				CLANG_WARN_SUSPICIOUS_MOVE = YES;
				CLANG_WARN_UNREACHABLE_CODE = YES;
				CLANG_WARN__DUPLICATE_METHOD_MATCH = YES;
				CODE_SIGN_IDENTITY = "-";
				COPY_PHASE_STRIP = NO;
				DEBUG_INFORMATION_FORMAT = dwarf;
				ENABLE_STRICT_OBJC_MSGSEND = YES;
				ENABLE_TESTABILITY = YES;
				GCC_C_LANGUAGE_STANDARD = gnu99;
				GCC_DYNAMIC_NO_PIC = NO;
				GCC_NO_COMMON_BLOCKS = YES;
				GCC_OPTIMIZATION_LEVEL = 0;
				GCC_PREPROCESSOR_DEFINITIONS = (
					"DEBUG=1",
					"$(inherited)",
				);
				GCC_WARN_64_TO_32_BIT_CONVERSION = YES;
				GCC_WARN_ABOUT_RETURN_TYPE = YES_ERROR;
				GCC_WARN_UNDECLARED_SELECTOR = YES;
				GCC_WARN_UNINITIALIZED_AUTOS = YES_AGGRESSIVE;
				GCC_WARN_UNUSED_FUNCTION = YES;
				GCC_WARN_UNUSED_VARIABLE = YES;
				MACOSX_DEPLOYMENT_TARGET = 10.12;
				MTL_ENABLE_DEBUG_INFO = YES;
				ONLY_ACTIVE_ARCH = YES;
				SDKROOT = macosx;
				SWIFT_OPTIMIZATION_LEVEL = "-Onone";
			};
			name = Debug;
		};
		DA2394831ED5EB5900F8D325 /* Release */ = {
			isa = XCBuildConfiguration;
			buildSettings = {
				ALWAYS_SEARCH_USER_PATHS = NO;
				CLANG_ANALYZER_NONNULL = YES;
				CLANG_ANALYZER_NUMBER_OBJECT_CONVERSION = YES_AGGRESSIVE;
				CLANG_CXX_LANGUAGE_STANDARD = "gnu++0x";
				CLANG_CXX_LIBRARY = "libc++";
				CLANG_ENABLE_MODULES = YES;
				CLANG_ENABLE_OBJC_ARC = YES;
				CLANG_WARN_BOOL_CONVERSION = YES;
				CLANG_WARN_CONSTANT_CONVERSION = YES;
				CLANG_WARN_DIRECT_OBJC_ISA_USAGE = YES_ERROR;
				CLANG_WARN_DOCUMENTATION_COMMENTS = YES;
				CLANG_WARN_EMPTY_BODY = YES;
				CLANG_WARN_ENUM_CONVERSION = YES;
				CLANG_WARN_INFINITE_RECURSION = YES;
				CLANG_WARN_INT_CONVERSION = YES;
				CLANG_WARN_OBJC_ROOT_CLASS = YES_ERROR;
				CLANG_WARN_SUSPICIOUS_MOVE = YES;
				CLANG_WARN_UNREACHABLE_CODE = YES;
				CLANG_WARN__DUPLICATE_METHOD_MATCH = YES;
				CODE_SIGN_IDENTITY = "-";
				COPY_PHASE_STRIP = NO;
				DEBUG_INFORMATION_FORMAT = "dwarf-with-dsym";
				ENABLE_NS_ASSERTIONS = NO;
				ENABLE_STRICT_OBJC_MSGSEND = YES;
				GCC_C_LANGUAGE_STANDARD = gnu99;
				GCC_NO_COMMON_BLOCKS = YES;
				GCC_WARN_64_TO_32_BIT_CONVERSION = YES;
				GCC_WARN_ABOUT_RETURN_TYPE = YES_ERROR;
				GCC_WARN_UNDECLARED_SELECTOR = YES;
				GCC_WARN_UNINITIALIZED_AUTOS = YES_AGGRESSIVE;
				GCC_WARN_UNUSED_FUNCTION = YES;
				GCC_WARN_UNUSED_VARIABLE = YES;
				MACOSX_DEPLOYMENT_TARGET = 10.12;
				MTL_ENABLE_DEBUG_INFO = NO;
				SDKROOT = macosx;
			};
			name = Release;
		};
		DA2394851ED5EB5900F8D325 /* Debug */ = {
			isa = XCBuildConfiguration;
			buildSettings = {
				PRODUCT_NAME = "$(TARGET_NAME)";
				SWIFT_VERSION = 3.0;
			};
			name = Debug;
		};
		DA2394861ED5EB5900F8D325 /* Release */ = {
			isa = XCBuildConfiguration;
			buildSettings = {
				PRODUCT_NAME = "$(TARGET_NAME)";
				SWIFT_VERSION = 3.0;
			};
			name = Release;
		};
		DA589A7A1EDF5648006BFB72 /* Debug */ = {
			isa = XCBuildConfiguration;
			buildSettings = {
				ASSETCATALOG_COMPILER_APPICON_NAME = AppIcon;
				COMBINE_HIDPI_IMAGES = YES;
				INFOPLIST_FILE = TeamStatus/Info.plist;
				LD_RUNPATH_SEARCH_PATHS = "$(inherited) @executable_path/../Frameworks";
				PRODUCT_BUNDLE_IDENTIFIER = net.religa.TeamStatus;
				PRODUCT_NAME = "$(TARGET_NAME)";
				SWIFT_ACTIVE_COMPILATION_CONDITIONS = DEBUG;
				SWIFT_VERSION = 3.0;
			};
			name = Debug;
		};
		DA589A7B1EDF5648006BFB72 /* Release */ = {
			isa = XCBuildConfiguration;
			buildSettings = {
				ASSETCATALOG_COMPILER_APPICON_NAME = AppIcon;
				COMBINE_HIDPI_IMAGES = YES;
				INFOPLIST_FILE = TeamStatus/Info.plist;
				LD_RUNPATH_SEARCH_PATHS = "$(inherited) @executable_path/../Frameworks";
				PRODUCT_BUNDLE_IDENTIFIER = net.religa.TeamStatus;
				PRODUCT_NAME = "$(TARGET_NAME)";
				SWIFT_OPTIMIZATION_LEVEL = "-Owholemodule";
				SWIFT_VERSION = 3.0;
			};
			name = Release;
		};
		DA589A7C1EDF5648006BFB72 /* Debug */ = {
			isa = XCBuildConfiguration;
			buildSettings = {
				ALWAYS_EMBED_SWIFT_STANDARD_LIBRARIES = YES;
				BUNDLE_LOADER = "$(TEST_HOST)";
				COMBINE_HIDPI_IMAGES = YES;
				INFOPLIST_FILE = TeamStatusTests/Info.plist;
				LD_RUNPATH_SEARCH_PATHS = "$(inherited) @executable_path/../Frameworks @loader_path/../Frameworks";
				PRODUCT_BUNDLE_IDENTIFIER = net.religa.TeamStatusTests;
				PRODUCT_NAME = "$(TARGET_NAME)";
				SWIFT_ACTIVE_COMPILATION_CONDITIONS = DEBUG;
				SWIFT_VERSION = 3.0;
				TEST_HOST = "$(BUILT_PRODUCTS_DIR)/TeamStatus.app/Contents/MacOS/TeamStatus";
			};
			name = Debug;
		};
		DA589A7D1EDF5648006BFB72 /* Release */ = {
			isa = XCBuildConfiguration;
			buildSettings = {
				ALWAYS_EMBED_SWIFT_STANDARD_LIBRARIES = YES;
				BUNDLE_LOADER = "$(TEST_HOST)";
				COMBINE_HIDPI_IMAGES = YES;
				INFOPLIST_FILE = TeamStatusTests/Info.plist;
				LD_RUNPATH_SEARCH_PATHS = "$(inherited) @executable_path/../Frameworks @loader_path/../Frameworks";
				PRODUCT_BUNDLE_IDENTIFIER = net.religa.TeamStatusTests;
				PRODUCT_NAME = "$(TARGET_NAME)";
				SWIFT_OPTIMIZATION_LEVEL = "-Owholemodule";
				SWIFT_VERSION = 3.0;
				TEST_HOST = "$(BUILT_PRODUCTS_DIR)/TeamStatus.app/Contents/MacOS/TeamStatus";
			};
			name = Release;
		};
/* End XCBuildConfiguration section */

/* Begin XCConfigurationList section */
		DA2394781ED5EB5900F8D325 /* Build configuration list for PBXProject "PRLoadBalancer" */ = {
			isa = XCConfigurationList;
			buildConfigurations = (
				DA2394821ED5EB5900F8D325 /* Debug */,
				DA2394831ED5EB5900F8D325 /* Release */,
			);
			defaultConfigurationIsVisible = 0;
			defaultConfigurationName = Release;
		};
		DA2394841ED5EB5900F8D325 /* Build configuration list for PBXNativeTarget "PRLoadBalancer" */ = {
			isa = XCConfigurationList;
			buildConfigurations = (
				DA2394851ED5EB5900F8D325 /* Debug */,
				DA2394861ED5EB5900F8D325 /* Release */,
			);
			defaultConfigurationIsVisible = 0;
			defaultConfigurationName = Release;
		};
		DA589A7E1EDF5648006BFB72 /* Build configuration list for PBXNativeTarget "TeamStatus" */ = {
			isa = XCConfigurationList;
			buildConfigurations = (
				DA589A7A1EDF5648006BFB72 /* Debug */,
				DA589A7B1EDF5648006BFB72 /* Release */,
			);
			defaultConfigurationIsVisible = 0;
			defaultConfigurationName = Release;
		};
		DA589A7F1EDF5648006BFB72 /* Build configuration list for PBXNativeTarget "TeamStatusTests" */ = {
			isa = XCConfigurationList;
			buildConfigurations = (
				DA589A7C1EDF5648006BFB72 /* Debug */,
				DA589A7D1EDF5648006BFB72 /* Release */,
			);
			defaultConfigurationIsVisible = 0;
			defaultConfigurationName = Release;
		};
/* End XCConfigurationList section */
	};
	rootObject = DA2394751ED5EB5900F8D325 /* Project object */;
}
